{
  "name": "@agent-context/codex-sift",
  "version": "0.1.1",
  "lockfileVersion": 3,
  "requires": true,
  "packages": {
    "": {
      "name": "@agent-context/codex-sift",
      "version": "0.1.1",
      "license": "Apache-2.0",
      "dependencies": {
        "@agent-context/sift": "0.0.1"
      },
      "devDependencies": {
        "@types/node": "^22.15.0",
        "typescript": "^5.8.0"
      },
      "engines": {
        "codex": ">=0.145.0",
        "node": ">=18"
      }
    },
    "node_modules/@agent-context/sift": {
      "version": "0.0.1",
      "resolved": "https://registry.npmjs.org/@agent-context/sift/-/sift-0.0.1.tgz",
      "integrity": "sha512-MWHcXiiOISAob1jUDCeRbN1pQJEy9BTKI7Rbxm5byduGq7h8HM7L9dfXGB093GDnpZef1Cuw7VsDMS7UglMXZA==",
      "license": "Apache-2.0",
      "os": [
        "darwin",
        "linux",
        "win32"
      ],
      "engines": {
        "node": ">= 10"
      },
      "optionalDependencies": {
        "@agent-context/sift-darwin-arm64": "0.0.1",
        "@agent-context/sift-darwin-x64": "0.0.1",
        "@agent-context/sift-linux-arm64-gnu": "0.0.1",
        "@agent-context/sift-linux-arm64-musl": "0.0.1",
        "@agent-context/sift-linux-x64-gnu": "0.0.1",
        "@agent-context/sift-linux-x64-musl": "0.0.1",
        "@agent-context/sift-win32-arm64-msvc": "0.0.1",
        "@agent-context/sift-win32-x64-msvc": "0.0.1"
      }
    },
    "node_modules/@agent-context/sift-darwin-arm64": {
      "version": "0.0.1",
      "resolved": "https://registry.npmjs.org/@agent-context/sift-darwin-arm64/-/sift-darwin-arm64-0.0.1.tgz",
      "integrity": "sha512-YqTlBdlkEAC3Sb5rz7/V3hmKXo2NomC3ccf5i7jM+lZYLH00fgowGNYfiESRMIC3WPVnowJmRstIZmLjgCuiAg==",
      "cpu": [
        "arm64"
      ],
      "license": "Apache-2.0",
      "optional": true,
      "os": [
        "darwin"
      ]
    },
    "node_modules/@agent-context/sift-darwin-x64": {
      "version": "0.0.1",
      "resolved": "https://registry.npmjs.org/@agent-context/sift-darwin-x64/-/sift-darwin-x64-0.0.1.tgz",
      "integrity": "sha512-kTyVyqbdf5FMaaPjgsaWVCuFHwGLPMPfWdk5lbkHp2IwPGbCP5g8J3X7ZWs0aYOxwiCFJlPPahUQjuvmojj0Lw==",
      "cpu": [
        "x64"
      ],
      "license": "Apache-2.0",
      "optional": true,
      "os": [
        "darwin"
      ]
    },
    "node_modules/@agent-context/sift-linux-arm64-gnu": {
      "version": "0.0.1",
      "resolved": "https://registry.npmjs.org/@agent-context/sift-linux-arm64-gnu/-/sift-linux-arm64-gnu-0.0.1.tgz",
      "integrity": "sha512-DREN7BzCPwDFUlmg+COQYSHUPyQHDG7IUzz6tb7EECGObqGGT+LBDsA1+bSWFGQSNFOhoXZ0QAP7MdbVU7oOpw==",
      "cpu": [
        "arm64"
      ],
      "license": "Apache-2.0",
      "optional": true,
      "os": [
        "linux"
      ]
    },
    "node_modules/@agent-context/sift-linux-arm64-musl": {
      "version": "0.0.1",
      "resolved": "https://registry.npmjs.org/@agent-context/sift-linux-arm64-musl/-/sift-linux-arm64-musl-0.0.1.tgz",
      "integrity": "sha512-3Yjzlfb3w6OKAbswr7+2AsWUcklyZpMjkSDQrE6owIPP5R6mgKaUqL6ZcCz2A+xAeHuvSkU5CYAjevjRz1cCag==",
      "cpu": [
        "arm64"
      ],
      "license": "Apache-2.0",
      "optional": true,
      "os": [
        "linux"
      ]
    },
    "node_modules/@agent-context/sift-linux-x64-gnu": {
      "version": "0.0.1",
      "resolved": "https://registry.npmjs.org/@agent-context/sift-linux-x64-gnu/-/sift-linux-x64-gnu-0.0.1.tgz",
      "integrity": "sha512-ZfXsImz+8c//ahJKahVXXrFj5H/bxuFMjENsqHtnnMgYKlKSSQXBQamZhA2N+HHA+Uexb53mO8lPQG+XJ59aYA==",
      "cpu": [
        "x64"
      ],
      "license": "Apache-2.0",
      "optional": true,
      "os": [
        "linux"
      ]
    },
    "node_modules/@agent-context/sift-linux-x64-musl": {
      "version": "0.0.1",
      "resolved": "https://registry.npmjs.org/@agent-context/sift-linux-x64-musl/-/sift-linux-x64-musl-0.0.1.tgz",
      "integrity": "sha512-rhzdflvu5XFYS8S+ZFLcDqUSfmc1IAFEd/Xyxp8qokwtxEKFVtaFmzqssNXFxHzZDWkMmfjtntS/Pj1IHCZX9Q==",
      "cpu": [
        "x64"
      ],
      "license": "Apache-2.0",
      "optional": true,
      "os": [
        "linux"
      ]
    },
    "node_modules/@agent-context/sift-win32-arm64-msvc": {
      "version": "0.0.1",
      "resolved": "https://registry.npmjs.org/@agent-context/sift-win32-arm64-msvc/-/sift-win32-arm64-msvc-0.0.1.tgz",
      "integrity": "sha512-8ZdBvC0O+dSq8GbLBJneJlNqoXxkXJQyX31h4iXLiplsKN+yWHepu4eB9T6PKs3H9PEeImUksAtMu6wxTLM3kg==",
      "cpu": [
        "arm64"
      ],
      "license": "Apache-2.0",
      "optional": true,
      "os": [
        "win32"
      ]
    },
    "node_modules/@agent-context/sift-win32-x64-msvc": {
      "version": "0.0.1",
      "resolved": "https://registry.npmjs.org/@agent-context/sift-win32-x64-msvc/-/sift-win32-x64-msvc-0.0.1.tgz",
      "integrity": "sha512-1/5Yu0/BBorSG4NBtkER3Bvc6yndW5zMd89m5V3yKEsCdOAbfvBp3Zix7orCjghu9i9wTVXE46v+tddJQ/COGw==",
      "cpu": [
        "x64"
      ],
      "license": "Apache-2.0",
      "optional": true,
      "os": [
        "win32"
      ]
    },
    "node_modules/@types/node": {
      "version": "22.20.2",
      "resolved": "https://registry.npmjs.org/@types/node/-/node-22.20.2.tgz",
      "integrity": "sha512-xlvWf4Vs9n1PEVYwP1n4vvG07M6y8WgvJ2t0vbrWTmijsIHp1cS+uJ2kMIRdY3nHZK0nCYKrPeD171+SzF4/zw==",
      "dev": true,
      "license": "MIT",
      "dependencies": {
        "undici-types": "~6.21.0"
      }
    },
    "node_modules/typescript": {
      "version": "5.9.3",
      "resolved": "https://registry.npmjs.org/typescript/-/typescript-5.9.3.tgz",
      "integrity": "sha512-jl1vZzPDinLr9eUt3J/t7V6FgNEw9QjvBPdysz9KfQDD41fQrC2Y4vKQdiaUpFT4bXlb1RHhLpp8wtm6M5TgSw==",
      "dev": true,
      "license": "Apache-2.0",
      "bin": {
        "tsc": "bin/tsc",
        "tsserver": "bin/tsserver"
      },
      "engines": {
        "node": ">=14.17"
      }
    },
    "node_modules/undici-types": {
      "version": "6.21.0",
      "resolved": "https://registry.npmjs.org/undici-types/-/undici-types-6.21.0.tgz",
      "integrity": "sha512-iwDZqg0QAGrg9Rav5H4n0M64c3mkR59cJ6wQp+7C4nI0gsmExaedaYLNO44eT4AtBBwjbTiGPMlt2Md0T9H9JQ==",
      "dev": true,
      "license": "MIT"
    }
  }
}
