{
  "name": "@agent-context/dsh-sift",
  "version": "0.0.1",
  "lockfileVersion": 3,
  "requires": true,
  "packages": {
    "": {
      "name": "@agent-context/dsh-sift",
      "version": "0.0.1",
      "license": "Apache-2.0",
      "dependencies": {
        "@agent-context/sift": "0.0.1"
      },
      "engines": {
        "node": "^22.19 || >=24"
      },
      "peerDependencies": {
        "@deepseek-ai/dsh-tools": ">=0.1.5-rc.2 <0.2"
      }
    },
    "node_modules/@agent-context/sift": {
      "version": "0.0.1",
      "resolved": "https://registry.npmjs.org/@agent-context/sift/-/sift-0.0.1.tgz",
      "integrity": "sha512-MWHcXiiOISAob1jUDCeRbN1pQJEy9BTKI7Rbxm5byduGq7h8HM7L9dfXGB093GDnpZef1Cuw7VsDMS7UglMXZA==",
      "license": "Apache-2.0",
      "os": [
        "darwin",
        "linux",
        "win32"
      ],
      "engines": {
        "node": ">= 10"
      },
      "optionalDependencies": {
        "@agent-context/sift-darwin-arm64": "0.0.1",
        "@agent-context/sift-darwin-x64": "0.0.1",
        "@agent-context/sift-linux-arm64-gnu": "0.0.1",
        "@agent-context/sift-linux-arm64-musl": "0.0.1",
        "@agent-context/sift-linux-x64-gnu": "0.0.1",
        "@agent-context/sift-linux-x64-musl": "0.0.1",
        "@agent-context/sift-win32-arm64-msvc": "0.0.1",
        "@agent-context/sift-win32-x64-msvc": "0.0.1"
      }
    },
    "node_modules/@agent-context/sift-darwin-arm64": {
      "version": "0.0.1",
      "resolved": "https://registry.npmjs.org/@agent-context/sift-darwin-arm64/-/sift-darwin-arm64-0.0.1.tgz",
      "integrity": "sha512-YqTlBdlkEAC3Sb5rz7/V3hmKXo2NomC3ccf5i7jM+lZYLH00fgowGNYfiESRMIC3WPVnowJmRstIZmLjgCuiAg==",
      "cpu": [
        "arm64"
      ],
      "license": "Apache-2.0",
      "optional": true,
      "os": [
        "darwin"
      ]
    },
    "node_modules/@agent-context/sift-darwin-x64": {
      "version": "0.0.1",
      "resolved": "https://registry.npmjs.org/@agent-context/sift-darwin-x64/-/sift-darwin-x64-0.0.1.tgz",
      "integrity": "sha512-kTyVyqbdf5FMaaPjgsaWVCuFHwGLPMPfWdk5lbkHp2IwPGbCP5g8J3X7ZWs0aYOxwiCFJlPPahUQjuvmojj0Lw==",
      "cpu": [
        "x64"
      ],
      "license": "Apache-2.0",
      "optional": true,
      "os": [
        "darwin"
      ]
    },
    "node_modules/@agent-context/sift-linux-arm64-gnu": {
      "version": "0.0.1",
      "resolved": "https://registry.npmjs.org/@agent-context/sift-linux-arm64-gnu/-/sift-linux-arm64-gnu-0.0.1.tgz",
      "integrity": "sha512-DREN7BzCPwDFUlmg+COQYSHUPyQHDG7IUzz6tb7EECGObqGGT+LBDsA1+bSWFGQSNFOhoXZ0QAP7MdbVU7oOpw==",
      "cpu": [
        "arm64"
      ],
      "license": "Apache-2.0",
      "optional": true,
      "os": [
        "linux"
      ]
    },
    "node_modules/@agent-context/sift-linux-arm64-musl": {
      "version": "0.0.1",
      "resolved": "https://registry.npmjs.org/@agent-context/sift-linux-arm64-musl/-/sift-linux-arm64-musl-0.0.1.tgz",
      "integrity": "sha512-3Yjzlfb3w6OKAbswr7+2AsWUcklyZpMjkSDQrE6owIPP5R6mgKaUqL6ZcCz2A+xAeHuvSkU5CYAjevjRz1cCag==",
      "cpu": [
        "arm64"
      ],
      "license": "Apache-2.0",
      "optional": true,
      "os": [
        "linux"
      ]
    },
    "node_modules/@agent-context/sift-linux-x64-gnu": {
      "version": "0.0.1",
      "resolved": "https://registry.npmjs.org/@agent-context/sift-linux-x64-gnu/-/sift-linux-x64-gnu-0.0.1.tgz",
      "integrity": "sha512-ZfXsImz+8c//ahJKahVXXrFj5H/bxuFMjENsqHtnnMgYKlKSSQXBQamZhA2N+HHA+Uexb53mO8lPQG+XJ59aYA==",
      "cpu": [
        "x64"
      ],
      "license": "Apache-2.0",
      "optional": true,
      "os": [
        "linux"
      ]
    },
    "node_modules/@agent-context/sift-linux-x64-musl": {
      "version": "0.0.1",
      "resolved": "https://registry.npmjs.org/@agent-context/sift-linux-x64-musl/-/sift-linux-x64-musl-0.0.1.tgz",
      "integrity": "sha512-rhzdflvu5XFYS8S+ZFLcDqUSfmc1IAFEd/Xyxp8qokwtxEKFVtaFmzqssNXFxHzZDWkMmfjtntS/Pj1IHCZX9Q==",
      "cpu": [
        "x64"
      ],
      "license": "Apache-2.0",
      "optional": true,
      "os": [
        "linux"
      ]
    },
    "node_modules/@agent-context/sift-win32-arm64-msvc": {
      "version": "0.0.1",
      "resolved": "https://registry.npmjs.org/@agent-context/sift-win32-arm64-msvc/-/sift-win32-arm64-msvc-0.0.1.tgz",
      "integrity": "sha512-8ZdBvC0O+dSq8GbLBJneJlNqoXxkXJQyX31h4iXLiplsKN+yWHepu4eB9T6PKs3H9PEeImUksAtMu6wxTLM3kg==",
      "cpu": [
        "arm64"
      ],
      "license": "Apache-2.0",
      "optional": true,
      "os": [
        "win32"
      ]
    },
    "node_modules/@agent-context/sift-win32-x64-msvc": {
      "version": "0.0.1",
      "resolved": "https://registry.npmjs.org/@agent-context/sift-win32-x64-msvc/-/sift-win32-x64-msvc-0.0.1.tgz",
      "integrity": "sha512-1/5Yu0/BBorSG4NBtkER3Bvc6yndW5zMd89m5V3yKEsCdOAbfvBp3Zix7orCjghu9i9wTVXE46v+tddJQ/COGw==",
      "cpu": [
        "x64"
      ],
      "license": "Apache-2.0",
      "optional": true,
      "os": [
        "win32"
      ]
    }
  }
}
